
Microsoft Visual Studio Solution File, Format Version 12.00
# Visual Studio 15
VisualStudioVersion = 15.0.28307.572
MinimumVisualStudioVersion = 10.0.40219.1
Project("{FAE04EC0-301F-11D3-BF4B-00C04F79EFBC}") = "EdifactParser", "EdifactParser\EdifactParser.csproj", "{AA1B50EE-8E7E-41DC-8DCA-FF5BEFC02DFE}"
EndProject
Project("{FAE04EC0-301F-11D3-BF4B-00C04F79EFBC}") = "EdifactParser.ConsoleApp", "EdifactParser.ConsoleApp\EdifactParser.ConsoleApp.csproj", "{48412F1E-780B-4D3D-A3E3-6D12F59E1AD5}"
EndProject
Global
	GlobalSection(SolutionConfigurationPlatforms) = preSolution
		Debug|Any CPU = Debug|Any CPU
		Release|Any CPU = Release|Any CPU
	EndGlobalSection
	GlobalSection(ProjectConfigurationPlatforms) = postSolution
		{AA1B50EE-8E7E-41DC-8DCA-FF5BEFC02DFE}.Debug|Any CPU.ActiveCfg = Debug|Any CPU
		{AA1B50EE-8E7E-41DC-8DCA-FF5BEFC02DFE}.Debug|Any CPU.Build.0 = Debug|Any CPU
		{AA1B50EE-8E7E-41DC-8DCA-FF5BEFC02DFE}.Release|Any CPU.ActiveCfg = Release|Any CPU
		{AA1B50EE-8E7E-41DC-8DCA-FF5BEFC02DFE}.Release|Any CPU.Build.0 = Release|Any CPU
		{48412F1E-780B-4D3D-A3E3-6D12F59E1AD5}.Debug|Any CPU.ActiveCfg = Debug|Any CPU
		{48412F1E-780B-4D3D-A3E3-6D12F59E1AD5}.Debug|Any CPU.Build.0 = Debug|Any CPU
		{48412F1E-780B-4D3D-A3E3-6D12F59E1AD5}.Release|Any CPU.ActiveCfg = Release|Any CPU
		{48412F1E-780B-4D3D-A3E3-6D12F59E1AD5}.Release|Any CPU.Build.0 = Release|Any CPU
	EndGlobalSection
	GlobalSection(SolutionProperties) = preSolution
		HideSolutionNode = FALSE
	EndGlobalSection
	GlobalSection(ExtensibilityGlobals) = postSolution
		SolutionGuid = {CEBBF0A6-ED3D-4C21-9E49-E10FD98E729D}
	EndGlobalSection
EndGlobal
